
Microsoft Visual Studio Solution File, Format Version 12.00
# Visual Studio Version 17
VisualStudioVersion = 17.1.32228.430
MinimumVisualStudioVersion = 10.0.40219.1
Project("{8BC9CEB8-8B4A-11D0-8D11-00A0C91BC942}") = "OOT", "OOT.vcxproj", "{787282E8-E1BF-4DBD-B3B5-26CE47F0A8B1}"
	ProjectSection(ProjectDependencies) = postProject
		{7BF6F100-31DB-44AE-A2A5-5DDEED9A909C} = {7BF6F100-31DB-44AE-A2A5-5DDEED9A909C}
		{37D31D7F-C4E7-45B0-AEF6-D6824A243CF7} = {37D31D7F-C4E7-45B0-AEF6-D6824A243CF7}
		{835979AC-BC6A-45B7-A513-8EEE79B443DE} = {835979AC-BC6A-45B7-A513-8EEE79B443DE}
		{0F4DDFB2-4C67-4295-92C2-F831B4943FD0} = {0F4DDFB2-4C67-4295-92C2-F831B4943FD0}
		{DA965BCF-2219-47AF-ACE7-EAF76D5D4756} = {DA965BCF-2219-47AF-ACE7-EAF76D5D4756}
	EndProjectSection
EndProject
Project("{8BC9CEB8-8B4A-11D0-8D11-00A0C91BC942}") = "GLideN64", "GLideN64.vcxproj", "{37D31D7F-C4E7-45B0-AEF6-D6824A243CF7}"
EndProject
Project("{8BC9CEB8-8B4A-11D0-8D11-00A0C91BC942}") = "libGLideNHQ", "libGLideNHQ.vcxproj", "{DA965BCF-2219-47AF-ACE7-EAF76D5D4756}"
EndProject
Project("{8BC9CEB8-8B4A-11D0-8D11-00A0C91BC942}") = "osal", "osal.vcxproj", "{7BF6F100-31DB-44AE-A2A5-5DDEED9A909C}"
EndProject
Project("{8BC9CEB8-8B4A-11D0-8D11-00A0C91BC942}") = "AziAudio", "AziAudio.vcxproj", "{835979AC-BC6A-45B7-A513-8EEE79B443DE}"
EndProject
Project("{8BC9CEB8-8B4A-11D0-8D11-00A0C91BC942}") = "OOT_Assets", "OOT_Assets.vcxproj", "{0F4DDFB2-4C67-4295-92C2-F831B4943FD0}"
EndProject
Global
	GlobalSection(SolutionConfigurationPlatforms) = preSolution
		Debug_mupenplus|Win32 = Debug_mupenplus|Win32
		Debug_mupenplus|x64 = Debug_mupenplus|x64
		Debug|Win32 = Debug|Win32
		Debug|x64 = Debug|x64
		Release_mupenplus|Win32 = Release_mupenplus|Win32
		Release_mupenplus|x64 = Release_mupenplus|x64
		Release|Win32 = Release|Win32
		Release|x64 = Release|x64
	EndGlobalSection
	GlobalSection(ProjectConfigurationPlatforms) = postSolution
		{787282E8-E1BF-4DBD-B3B5-26CE47F0A8B1}.Debug_mupenplus|Win32.ActiveCfg = Debug|Win32
		{787282E8-E1BF-4DBD-B3B5-26CE47F0A8B1}.Debug_mupenplus|Win32.Build.0 = Debug|Win32
		{787282E8-E1BF-4DBD-B3B5-26CE47F0A8B1}.Debug_mupenplus|x64.ActiveCfg = Debug|x64
		{787282E8-E1BF-4DBD-B3B5-26CE47F0A8B1}.Debug_mupenplus|x64.Build.0 = Debug|x64
		{787282E8-E1BF-4DBD-B3B5-26CE47F0A8B1}.Debug|Win32.ActiveCfg = Debug|Win32
		{787282E8-E1BF-4DBD-B3B5-26CE47F0A8B1}.Debug|Win32.Build.0 = Debug|Win32
		{787282E8-E1BF-4DBD-B3B5-26CE47F0A8B1}.Debug|x64.ActiveCfg = Debug|x64
		{787282E8-E1BF-4DBD-B3B5-26CE47F0A8B1}.Debug|x64.Build.0 = Debug|x64
		{787282E8-E1BF-4DBD-B3B5-26CE47F0A8B1}.Release_mupenplus|Win32.ActiveCfg = Release|Win32
		{787282E8-E1BF-4DBD-B3B5-26CE47F0A8B1}.Release_mupenplus|Win32.Build.0 = Release|Win32
		{787282E8-E1BF-4DBD-B3B5-26CE47F0A8B1}.Release_mupenplus|x64.ActiveCfg = Release|x64
		{787282E8-E1BF-4DBD-B3B5-26CE47F0A8B1}.Release_mupenplus|x64.Build.0 = Release|x64
		{787282E8-E1BF-4DBD-B3B5-26CE47F0A8B1}.Release|Win32.ActiveCfg = Release|Win32
		{787282E8-E1BF-4DBD-B3B5-26CE47F0A8B1}.Release|Win32.Build.0 = Release|Win32
		{787282E8-E1BF-4DBD-B3B5-26CE47F0A8B1}.Release|x64.ActiveCfg = Release|x64
		{787282E8-E1BF-4DBD-B3B5-26CE47F0A8B1}.Release|x64.Build.0 = Release|x64
		{37D31D7F-C4E7-45B0-AEF6-D6824A243CF7}.Debug_mupenplus|Win32.ActiveCfg = Debug_mupenplus|Win32
		{37D31D7F-C4E7-45B0-AEF6-D6824A243CF7}.Debug_mupenplus|Win32.Build.0 = Debug_mupenplus|Win32
		{37D31D7F-C4E7-45B0-AEF6-D6824A243CF7}.Debug_mupenplus|x64.ActiveCfg = Debug_mupenplus|x64
		{37D31D7F-C4E7-45B0-AEF6-D6824A243CF7}.Debug_mupenplus|x64.Build.0 = Debug_mupenplus|x64
		{37D31D7F-C4E7-45B0-AEF6-D6824A243CF7}.Debug|Win32.ActiveCfg = Debug_mupenplus|Win32
		{37D31D7F-C4E7-45B0-AEF6-D6824A243CF7}.Debug|Win32.Build.0 = Debug_mupenplus|Win32
		{37D31D7F-C4E7-45B0-AEF6-D6824A243CF7}.Debug|x64.ActiveCfg = Debug_mupenplus|x64
		{37D31D7F-C4E7-45B0-AEF6-D6824A243CF7}.Debug|x64.Build.0 = Debug_mupenplus|x64
		{37D31D7F-C4E7-45B0-AEF6-D6824A243CF7}.Release_mupenplus|Win32.ActiveCfg = Release_mupenplus|Win32
		{37D31D7F-C4E7-45B0-AEF6-D6824A243CF7}.Release_mupenplus|Win32.Build.0 = Release_mupenplus|Win32
		{37D31D7F-C4E7-45B0-AEF6-D6824A243CF7}.Release_mupenplus|x64.ActiveCfg = Release_mupenplus|x64
		{37D31D7F-C4E7-45B0-AEF6-D6824A243CF7}.Release_mupenplus|x64.Build.0 = Release_mupenplus|x64
		{37D31D7F-C4E7-45B0-AEF6-D6824A243CF7}.Release|Win32.ActiveCfg = Release_mupenplus|Win32
		{37D31D7F-C4E7-45B0-AEF6-D6824A243CF7}.Release|Win32.Build.0 = Release_mupenplus|Win32
		{37D31D7F-C4E7-45B0-AEF6-D6824A243CF7}.Release|x64.ActiveCfg = Release_mupenplus|x64
		{37D31D7F-C4E7-45B0-AEF6-D6824A243CF7}.Release|x64.Build.0 = Release_mupenplus|x64
		{DA965BCF-2219-47AF-ACE7-EAF76D5D4756}.Debug_mupenplus|Win32.ActiveCfg = Debug|Win32
		{DA965BCF-2219-47AF-ACE7-EAF76D5D4756}.Debug_mupenplus|Win32.Build.0 = Debug|Win32
		{DA965BCF-2219-47AF-ACE7-EAF76D5D4756}.Debug_mupenplus|x64.ActiveCfg = Debug|x64
		{DA965BCF-2219-47AF-ACE7-EAF76D5D4756}.Debug_mupenplus|x64.Build.0 = Debug|x64
		{DA965BCF-2219-47AF-ACE7-EAF76D5D4756}.Debug|Win32.ActiveCfg = Debug|Win32
		{DA965BCF-2219-47AF-ACE7-EAF76D5D4756}.Debug|Win32.Build.0 = Debug|Win32
		{DA965BCF-2219-47AF-ACE7-EAF76D5D4756}.Debug|x64.ActiveCfg = Debug|x64
		{DA965BCF-2219-47AF-ACE7-EAF76D5D4756}.Debug|x64.Build.0 = Debug|x64
		{DA965BCF-2219-47AF-ACE7-EAF76D5D4756}.Release_mupenplus|Win32.ActiveCfg = Release|Win32
		{DA965BCF-2219-47AF-ACE7-EAF76D5D4756}.Release_mupenplus|Win32.Build.0 = Release|Win32
		{DA965BCF-2219-47AF-ACE7-EAF76D5D4756}.Release_mupenplus|x64.ActiveCfg = Release|x64
		{DA965BCF-2219-47AF-ACE7-EAF76D5D4756}.Release_mupenplus|x64.Build.0 = Release|x64
		{DA965BCF-2219-47AF-ACE7-EAF76D5D4756}.Release|Win32.ActiveCfg = Release|Win32
		{DA965BCF-2219-47AF-ACE7-EAF76D5D4756}.Release|Win32.Build.0 = Release|Win32
		{DA965BCF-2219-47AF-ACE7-EAF76D5D4756}.Release|x64.ActiveCfg = Release|x64
		{DA965BCF-2219-47AF-ACE7-EAF76D5D4756}.Release|x64.Build.0 = Release|x64
		{7BF6F100-31DB-44AE-A2A5-5DDEED9A909C}.Debug_mupenplus|Win32.ActiveCfg = Debug|Win32
		{7BF6F100-31DB-44AE-A2A5-5DDEED9A909C}.Debug_mupenplus|Win32.Build.0 = Debug|Win32
		{7BF6F100-31DB-44AE-A2A5-5DDEED9A909C}.Debug_mupenplus|x64.ActiveCfg = Debug|x64
		{7BF6F100-31DB-44AE-A2A5-5DDEED9A909C}.Debug_mupenplus|x64.Build.0 = Debug|x64
		{7BF6F100-31DB-44AE-A2A5-5DDEED9A909C}.Debug|Win32.ActiveCfg = Debug|Win32
		{7BF6F100-31DB-44AE-A2A5-5DDEED9A909C}.Debug|Win32.Build.0 = Debug|Win32
		{7BF6F100-31DB-44AE-A2A5-5DDEED9A909C}.Debug|x64.ActiveCfg = Debug|x64
		{7BF6F100-31DB-44AE-A2A5-5DDEED9A909C}.Debug|x64.Build.0 = Debug|x64
		{7BF6F100-31DB-44AE-A2A5-5DDEED9A909C}.Release_mupenplus|Win32.ActiveCfg = Release|Win32
		{7BF6F100-31DB-44AE-A2A5-5DDEED9A909C}.Release_mupenplus|Win32.Build.0 = Release|Win32
		{7BF6F100-31DB-44AE-A2A5-5DDEED9A909C}.Release_mupenplus|x64.ActiveCfg = Release|x64
		{7BF6F100-31DB-44AE-A2A5-5DDEED9A909C}.Release_mupenplus|x64.Build.0 = Release|x64
		{7BF6F100-31DB-44AE-A2A5-5DDEED9A909C}.Release|Win32.ActiveCfg = Release|Win32
		{7BF6F100-31DB-44AE-A2A5-5DDEED9A909C}.Release|Win32.Build.0 = Release|Win32
		{7BF6F100-31DB-44AE-A2A5-5DDEED9A909C}.Release|x64.ActiveCfg = Release|x64
		{7BF6F100-31DB-44AE-A2A5-5DDEED9A909C}.Release|x64.Build.0 = Release|x64
		{835979AC-BC6A-45B7-A513-8EEE79B443DE}.Debug_mupenplus|Win32.ActiveCfg = Debug|Win32
		{835979AC-BC6A-45B7-A513-8EEE79B443DE}.Debug_mupenplus|Win32.Build.0 = Debug|Win32
		{835979AC-BC6A-45B7-A513-8EEE79B443DE}.Debug_mupenplus|x64.ActiveCfg = Debug|x64
		{835979AC-BC6A-45B7-A513-8EEE79B443DE}.Debug_mupenplus|x64.Build.0 = Debug|x64
		{835979AC-BC6A-45B7-A513-8EEE79B443DE}.Debug|Win32.ActiveCfg = Debug|Win32
		{835979AC-BC6A-45B7-A513-8EEE79B443DE}.Debug|Win32.Build.0 = Debug|Win32
		{835979AC-BC6A-45B7-A513-8EEE79B443DE}.Debug|x64.ActiveCfg = Debug|x64
		{835979AC-BC6A-45B7-A513-8EEE79B443DE}.Debug|x64.Build.0 = Debug|x64
		{835979AC-BC6A-45B7-A513-8EEE79B443DE}.Release_mupenplus|Win32.ActiveCfg = Release|Win32
		{835979AC-BC6A-45B7-A513-8EEE79B443DE}.Release_mupenplus|Win32.Build.0 = Release|Win32
		{835979AC-BC6A-45B7-A513-8EEE79B443DE}.Release_mupenplus|x64.ActiveCfg = Release|x64
		{835979AC-BC6A-45B7-A513-8EEE79B443DE}.Release_mupenplus|x64.Build.0 = Release|x64
		{835979AC-BC6A-45B7-A513-8EEE79B443DE}.Release|Win32.ActiveCfg = Release|Win32
		{835979AC-BC6A-45B7-A513-8EEE79B443DE}.Release|Win32.Build.0 = Release|Win32
		{835979AC-BC6A-45B7-A513-8EEE79B443DE}.Release|x64.ActiveCfg = Release|x64
		{835979AC-BC6A-45B7-A513-8EEE79B443DE}.Release|x64.Build.0 = Release|x64
		{0F4DDFB2-4C67-4295-92C2-F831B4943FD0}.Debug_mupenplus|Win32.ActiveCfg = Debug|Win32
		{0F4DDFB2-4C67-4295-92C2-F831B4943FD0}.Debug_mupenplus|Win32.Build.0 = Debug|Win32
		{0F4DDFB2-4C67-4295-92C2-F831B4943FD0}.Debug_mupenplus|x64.ActiveCfg = Debug|x64
		{0F4DDFB2-4C67-4295-92C2-F831B4943FD0}.Debug_mupenplus|x64.Build.0 = Debug|x64
		{0F4DDFB2-4C67-4295-92C2-F831B4943FD0}.Debug|Win32.ActiveCfg = Debug|Win32
		{0F4DDFB2-4C67-4295-92C2-F831B4943FD0}.Debug|Win32.Build.0 = Debug|Win32
		{0F4DDFB2-4C67-4295-92C2-F831B4943FD0}.Debug|x64.ActiveCfg = Debug|x64
		{0F4DDFB2-4C67-4295-92C2-F831B4943FD0}.Debug|x64.Build.0 = Debug|x64
		{0F4DDFB2-4C67-4295-92C2-F831B4943FD0}.Release_mupenplus|Win32.ActiveCfg = Release|Win32
		{0F4DDFB2-4C67-4295-92C2-F831B4943FD0}.Release_mupenplus|Win32.Build.0 = Release|Win32
		{0F4DDFB2-4C67-4295-92C2-F831B4943FD0}.Release_mupenplus|x64.ActiveCfg = Release|x64
		{0F4DDFB2-4C67-4295-92C2-F831B4943FD0}.Release_mupenplus|x64.Build.0 = Release|x64
		{0F4DDFB2-4C67-4295-92C2-F831B4943FD0}.Release|Win32.ActiveCfg = Release|Win32
		{0F4DDFB2-4C67-4295-92C2-F831B4943FD0}.Release|Win32.Build.0 = Release|Win32
		{0F4DDFB2-4C67-4295-92C2-F831B4943FD0}.Release|x64.ActiveCfg = Release|x64
		{0F4DDFB2-4C67-4295-92C2-F831B4943FD0}.Release|x64.Build.0 = Release|x64
	EndGlobalSection
	GlobalSection(SolutionProperties) = preSolution
		HideSolutionNode = FALSE
	EndGlobalSection
	GlobalSection(ExtensibilityGlobals) = postSolution
		SolutionGuid = {B87CF08B-266A-4DBC-A730-0AC8D3D30E33}
	EndGlobalSection
EndGlobal
